
Microsoft Visual Studio Solution File, Format Version 12.00
# Visual Studio Version 16
VisualStudioVersion = 16.0.29609.76
MinimumVisualStudioVersion = 10.0.40219.1
Project("{FAE04EC0-301F-11D3-BF4B-00C04F79EFBC}") = "ClientSocket", "ClientSocket\ClientSocket.csproj", "{9FF4B760-EB5F-42E3-B3D3-03016477DC50}"
EndProject
Global
	GlobalSection(SolutionConfigurationPlatforms) = preSolution
		Debug|Any CPU = Debug|Any CPU
		Release|Any CPU = Release|Any CPU
	EndGlobalSection
	GlobalSection(ProjectConfigurationPlatforms) = postSolution
		{9FF4B760-EB5F-42E3-B3D3-03016477DC50}.Debug|Any CPU.ActiveCfg = Debug|Any CPU
		{9FF4B760-EB5F-42E3-B3D3-03016477DC50}.Debug|Any CPU.Build.0 = Debug|Any CPU
		{9FF4B760-EB5F-42E3-B3D3-03016477DC50}.Release|Any CPU.ActiveCfg = Release|Any CPU
		{9FF4B760-EB5F-42E3-B3D3-03016477DC50}.Release|Any CPU.Build.0 = Release|Any CPU
	EndGlobalSection
	GlobalSection(SolutionProperties) = preSolution
		HideSolutionNode = FALSE
	EndGlobalSection
	GlobalSection(ExtensibilityGlobals) = postSolution
		SolutionGuid = {887BCE32-7D48-4A9C-A1BE-D685FDD07BB0}
	EndGlobalSection
EndGlobal
