
Microsoft Visual Studio Solution File, Format Version 12.00
# Visual Studio Version 16
VisualStudioVersion = 16.0.29609.76
MinimumVisualStudioVersion = 10.0.40219.1
Project("{FAE04EC0-301F-11D3-BF4B-00C04F79EFBC}") = "Buoi2", "Buoi2\Buoi2.csproj", "{1B175DA1-E2C2-493D-BE9D-AF07EED00C80}"
EndProject
Global
	GlobalSection(SolutionConfigurationPlatforms) = preSolution
		Debug|Any CPU = Debug|Any CPU
		Release|Any CPU = Release|Any CPU
	EndGlobalSection
	GlobalSection(ProjectConfigurationPlatforms) = postSolution
		{1B175DA1-E2C2-493D-BE9D-AF07EED00C80}.Debug|Any CPU.ActiveCfg = Debug|Any CPU
		{1B175DA1-E2C2-493D-BE9D-AF07EED00C80}.Debug|Any CPU.Build.0 = Debug|Any CPU
		{1B175DA1-E2C2-493D-BE9D-AF07EED00C80}.Release|Any CPU.ActiveCfg = Release|Any CPU
		{1B175DA1-E2C2-493D-BE9D-AF07EED00C80}.Release|Any CPU.Build.0 = Release|Any CPU
	EndGlobalSection
	GlobalSection(SolutionProperties) = preSolution
		HideSolutionNode = FALSE
	EndGlobalSection
	GlobalSection(ExtensibilityGlobals) = postSolution
		SolutionGuid = {66865FBE-9C1F-4DCF-8F50-A36E04DC435D}
	EndGlobalSection
EndGlobal
