
Microsoft Visual Studio Solution File, Format Version 12.00
# Visual Studio Version 16
VisualStudioVersion = 16.0.29609.76
MinimumVisualStudioVersion = 10.0.40219.1
Project("{FAE04EC0-301F-11D3-BF4B-00C04F79EFBC}") = "DNS", "DNS\DNS.csproj", "{7018E0F3-476F-45A7-8CDB-BEC7CCC8130A}"
EndProject
Global
	GlobalSection(SolutionConfigurationPlatforms) = preSolution
		Debug|Any CPU = Debug|Any CPU
		Release|Any CPU = Release|Any CPU
	EndGlobalSection
	GlobalSection(ProjectConfigurationPlatforms) = postSolution
		{7018E0F3-476F-45A7-8CDB-BEC7CCC8130A}.Debug|Any CPU.ActiveCfg = Debug|Any CPU
		{7018E0F3-476F-45A7-8CDB-BEC7CCC8130A}.Debug|Any CPU.Build.0 = Debug|Any CPU
		{7018E0F3-476F-45A7-8CDB-BEC7CCC8130A}.Release|Any CPU.ActiveCfg = Release|Any CPU
		{7018E0F3-476F-45A7-8CDB-BEC7CCC8130A}.Release|Any CPU.Build.0 = Release|Any CPU
	EndGlobalSection
	GlobalSection(SolutionProperties) = preSolution
		HideSolutionNode = FALSE
	EndGlobalSection
	GlobalSection(ExtensibilityGlobals) = postSolution
		SolutionGuid = {2695D6DB-1A0A-4897-A261-55C97052CFC5}
	EndGlobalSection
EndGlobal
