
Microsoft Visual Studio Solution File, Format Version 12.00
# Visual Studio Version 16
VisualStudioVersion = 16.0.29609.76
MinimumVisualStudioVersion = 10.0.40219.1
Project("{FAE04EC0-301F-11D3-BF4B-00C04F79EFBC}") = "Bai1", "Bai1\Bai1.csproj", "{062A85AD-80DD-40F9-85D0-8D5171AB464C}"
EndProject
Global
	GlobalSection(SolutionConfigurationPlatforms) = preSolution
		Debug|Any CPU = Debug|Any CPU
		Release|Any CPU = Release|Any CPU
	EndGlobalSection
	GlobalSection(ProjectConfigurationPlatforms) = postSolution
		{062A85AD-80DD-40F9-85D0-8D5171AB464C}.Debug|Any CPU.ActiveCfg = Debug|Any CPU
		{062A85AD-80DD-40F9-85D0-8D5171AB464C}.Debug|Any CPU.Build.0 = Debug|Any CPU
		{062A85AD-80DD-40F9-85D0-8D5171AB464C}.Release|Any CPU.ActiveCfg = Release|Any CPU
		{062A85AD-80DD-40F9-85D0-8D5171AB464C}.Release|Any CPU.Build.0 = Release|Any CPU
	EndGlobalSection
	GlobalSection(SolutionProperties) = preSolution
		HideSolutionNode = FALSE
	EndGlobalSection
	GlobalSection(ExtensibilityGlobals) = postSolution
		SolutionGuid = {79E827CF-2DDC-407C-ABB8-E4D403A7C724}
	EndGlobalSection
EndGlobal
